// !$*UTF8*$!
{
	archiveVersion = 1;
	classes = {
	};
	objectVersion = 46;
	objects = {

/* Begin PBXBuildFile section */
		84B45C7E1411E2AF0046332C /* UIKit.framework in Frameworks */ = {isa = PBXBuildFile; fileRef = 84B45C7D1411E2AF0046332C /* UIKit.framework */; };
		84B45C801411E2AF0046332C /* Foundation.framework in Frameworks */ = {isa = PBXBuildFile; fileRef = 84B45C7F1411E2AF0046332C /* Foundation.framework */; };
		84B45C821411E2AF0046332C /* CoreGraphics.framework in Frameworks */ = {isa = PBXBuildFile; fileRef = 84B45C811411E2AF0046332C /* CoreGraphics.framework */; };
		84B45C881411E2AF0046332C /* InfoPlist.strings in Resources */ = {isa = PBXBuildFile; fileRef = 84B45C861411E2AF0046332C /* InfoPlist.strings */; };
		84B45C8B1411E2AF0046332C /* main.m in Sources */ = {isa = PBXBuildFile; fileRef = 84B45C8A1411E2AF0046332C /* main.m */; };
		84B45C8E1411E2AF0046332C /* myOSAppDelegate.m in Sources */ = {isa = PBXBuildFile; fileRef = 84B45C8D1411E2AF0046332C /* myOSAppDelegate.m */; };
		84B45C911411E2B00046332C /* MainWindow.xib in Resources */ = {isa = PBXBuildFile; fileRef = 84B45C8F1411E2B00046332C /* MainWindow.xib */; };
/* End PBXBuildFile section */

/* Begin PBXFileReference section */
		84B45C791411E2AF0046332C /* myOS.app */ = {isa = PBXFileReference; explicitFileType = wrapper.application; includeInIndex = 0; path = myOS.app; sourceTree = BUILT_PRODUCTS_DIR; };
		84B45C7D1411E2AF0046332C /* UIKit.framework */ = {isa = PBXFileReference; lastKnownFileType = wrapper.framework; name = UIKit.framework; path = System/Library/Frameworks/UIKit.framework; sourceTree = SDKROOT; };
		84B45C7F1411E2AF0046332C /* Foundation.framework */ = {isa = PBXFileReference; lastKnownFileType = wrapper.framework; name = Foundation.framework; path = System/Library/Frameworks/Foundation.framework; sourceTree = SDKROOT; };
		84B45C811411E2AF0046332C /* CoreGraphics.framework */ = {isa = PBXFileReference; lastKnownFileType = wrapper.framework; name = CoreGraphics.framework; path = System/Library/Frameworks/CoreGraphics.framework; sourceTree = SDKROOT; };
		84B45C851411E2AF0046332C /* myOS-Info.plist */ = {isa = PBXFileReference; path = "myOS-Info.plist"; sourceTree = "<group>"; };
		84B45C871411E2AF0046332C /* en */ = {isa = PBXFileReference; lastKnownFileType = text.plist.strings; name = en; path = en.lproj/InfoPlist.strings; sourceTree = "<group>"; };
		84B45C891411E2AF0046332C /* myOS-Prefix.pch */ = {isa = PBXFileReference; path = "myOS-Prefix.pch"; sourceTree = "<group>"; };
		84B45C8A1411E2AF0046332C /* main.m */ = {isa = PBXFileReference; lastKnownFileType = sourcecode.c.objc; path = main.m; sourceTree = "<group>"; };
		84B45C8C1411E2AF0046332C /* myOSAppDelegate.h */ = {isa = PBXFileReference; path = myOSAppDelegate.h; sourceTree = "<group>"; };
		84B45C8D1411E2AF0046332C /* myOSAppDelegate.m */ = {isa = PBXFileReference; lastKnownFileType = sourcecode.c.objc; path = myOSAppDelegate.m; sourceTree = "<group>"; };
		84B45C901411E2B00046332C /* en */ = {isa = PBXFileReference; lastKnownFileType = file.xib; name = en; path = en.lproj/MainWindow.xib; sourceTree = "<group>"; };
/* End PBXFileReference section */

/* Begin PBXFrameworksBuildPhase section */
		84B45C761411E2AF0046332C /* Frameworks */ = {
			isa = PBXFrameworksBuildPhase;
			buildActionMask = 2147483647;
			files = (
				84B45C7E1411E2AF0046332C /* UIKit.framework in Frameworks */,
				84B45C801411E2AF0046332C /* Foundation.framework in Frameworks */,
				84B45C821411E2AF0046332C /* CoreGraphics.framework in Frameworks */,
			);
			runOnlyForDeploymentPostprocessing = 0;
		};
/* End PBXFrameworksBuildPhase section */

/* Begin PBXGroup section */
		84B45C6E1411E2AF0046332C = {
			isa = PBXGroup;
			children = (
				84B45C831411E2AF0046332C /* myOS */,
				84B45C7C1411E2AF0046332C /* Frameworks */,
				84B45C7A1411E2AF0046332C /* Products */,
			);
			sourceTree = "<group>";
		};
		84B45C7A1411E2AF0046332C /* Products */ = {
			isa = PBXGroup;
			children = (
				84B45C791411E2AF0046332C /* myOS.app */,
			);
			name = Products;
			sourceTree = "<group>";
		};
		84B45C7C1411E2AF0046332C /* Frameworks */ = {
			isa = PBXGroup;
			children = (
				84B45C7D1411E2AF0046332C /* UIKit.framework */,
				84B45C7F1411E2AF0046332C /* Foundation.framework */,
				84B45C811411E2AF0046332C /* CoreGraphics.framework */,
			);
			name = Frameworks;
			sourceTree = "<group>";
		};
		84B45C831411E2AF0046332C /* myOS */ = {
			isa = PBXGroup;
			children = (
				84B45C8C1411E2AF0046332C /* myOSAppDelegate.h */,
				84B45C8D1411E2AF0046332C /* myOSAppDelegate.m */,
				84B45C8F1411E2B00046332C /* MainWindow.xib */,
				84B45C841411E2AF0046332C /* Supporting Files */,
			);
			path = myOS;
			sourceTree = "<group>";
		};
		84B45C841411E2AF0046332C /* Supporting Files */ = {
			isa = PBXGroup;
			children = (
				84B45C851411E2AF0046332C /* myOS-Info.plist */,
				84B45C861411E2AF0046332C /* InfoPlist.strings */,
				84B45C891411E2AF0046332C /* myOS-Prefix.pch */,
				84B45C8A1411E2AF0046332C /* main.m */,
			);
			name = "Supporting Files";
			sourceTree = "<group>";
		};
/* End PBXGroup section */

/* Begin PBXNativeTarget section */
		84B45C781411E2AF0046332C /* myOS */ = {
			isa = PBXNativeTarget;
			buildConfigurationList = 84B45C941411E2B00046332C /* Build configuration list for PBXNativeTarget "myOS" */;
			buildPhases = (
				84B45C751411E2AF0046332C /* Sources */,
				84B45C761411E2AF0046332C /* Frameworks */,
				84B45C771411E2AF0046332C /* Resources */,
			);
			buildRules = (
			);
			dependencies = (
			);
			name = myOS;
			productName = myOS;
			productReference = 84B45C791411E2AF0046332C /* myOS.app */;
			productType = "com.apple.product-type.application";
		};
/* End PBXNativeTarget section */

/* Begin PBXProject section */
		84B45C701411E2AF0046332C /* Project object */ = {
			isa = PBXProject;
			buildConfigurationList = 84B45C731411E2AF0046332C /* Build configuration list for PBXProject "myOS" */;
			compatibilityVersion = "Xcode 3.2";
			developmentRegion = English;
			hasScannedForEncodings = 0;
			knownRegions = (
				en,
			);
			mainGroup = 84B45C6E1411E2AF0046332C;
			productRefGroup = 84B45C7A1411E2AF0046332C /* Products */;
			projectDirPath = "";
			projectRoot = "";
			targets = (
				84B45C781411E2AF0046332C /* myOS */,
			);
		};
/* End PBXProject section */

/* Begin PBXResourcesBuildPhase section */
		84B45C771411E2AF0046332C /* Resources */ = {
			isa = PBXResourcesBuildPhase;
			buildActionMask = 2147483647;
			files = (
				84B45C881411E2AF0046332C /* InfoPlist.strings in Resources */,
				84B45C911411E2B00046332C /* MainWindow.xib in Resources */,
			);
			runOnlyForDeploymentPostprocessing = 0;
		};
/* End PBXResourcesBuildPhase section */

/* Begin PBXSourcesBuildPhase section */
		84B45C751411E2AF0046332C /* Sources */ = {
			isa = PBXSourcesBuildPhase;
			buildActionMask = 2147483647;
			files = (
				84B45C8B1411E2AF0046332C /* main.m in Sources */,
				84B45C8E1411E2AF0046332C /* myOSAppDelegate.m in Sources */,
			);
			runOnlyForDeploymentPostprocessing = 0;
		};
/* End PBXSourcesBuildPhase section */

/* Begin PBXVariantGroup section */
		84B45C861411E2AF0046332C /* InfoPlist.strings */ = {
			isa = PBXVariantGroup;
			children = (
				84B45C871411E2AF0046332C /* en */,
			);
			name = InfoPlist.strings;
			sourceTree = "<group>";
		};
		84B45C8F1411E2B00046332C /* MainWindow.xib */ = {
			isa = PBXVariantGroup;
			children = (
				84B45C901411E2B00046332C /* en */,
			);
			name = MainWindow.xib;
			sourceTree = "<group>";
		};
/* End PBXVariantGroup section */

/* Begin XCBuildConfiguration section */
		84B45C921411E2B00046332C /* Debug */ = {
			isa = XCBuildConfiguration;
			buildSettings = {
				ARCHS = "$(ARCHS_STANDARD_32_BIT)";
				"CODE_SIGN_IDENTITY[sdk=iphoneos*]" = "iPhone Developer";
				GCC_C_LANGUAGE_STANDARD = gnu99;
				GCC_OPTIMIZATION_LEVEL = 0;
				GCC_PREPROCESSOR_DEFINITIONS = DEBUG;
				GCC_SYMBOLS_PRIVATE_EXTERN = NO;
				GCC_VERSION = com.apple.compilers.llvmgcc42;
				GCC_WARN_ABOUT_RETURN_TYPE = YES;
				GCC_WARN_UNUSED_VARIABLE = YES;
				IPHONEOS_DEPLOYMENT_TARGET = 4.3;
				SDKROOT = iphoneos;
			};
			name = Debug;
		};
		84B45C931411E2B00046332C /* Release */ = {
			isa = XCBuildConfiguration;
			buildSettings = {
				ARCHS = "$(ARCHS_STANDARD_32_BIT)";
				"CODE_SIGN_IDENTITY[sdk=iphoneos*]" = "iPhone Developer";
				GCC_C_LANGUAGE_STANDARD = gnu99;
				GCC_VERSION = com.apple.compilers.llvmgcc42;
				GCC_WARN_ABOUT_RETURN_TYPE = YES;
				GCC_WARN_UNUSED_VARIABLE = YES;
				IPHONEOS_DEPLOYMENT_TARGET = 4.3;
				OTHER_CFLAGS = "-DNS_BLOCK_ASSERTIONS=1";
				SDKROOT = iphoneos;
			};
			name = Release;
		};
		84B45C951411E2B00046332C /* Debug */ = {
			isa = XCBuildConfiguration;
			buildSettings = {
				ALWAYS_SEARCH_USER_PATHS = NO;
				COPY_PHASE_STRIP = NO;
				GCC_DYNAMIC_NO_PIC = NO;
				GCC_PRECOMPILE_PREFIX_HEADER = YES;
				GCC_PREFIX_HEADER = "myOS/myOS-Prefix.pch";
				INFOPLIST_FILE = "myOS/myOS-Info.plist";
				PRODUCT_NAME = "$(TARGET_NAME)";
				WRAPPER_EXTENSION = app;
			};
			name = Debug;
		};
		84B45C961411E2B00046332C /* Release */ = {
			isa = XCBuildConfiguration;
			buildSettings = {
				ALWAYS_SEARCH_USER_PATHS = NO;
				COPY_PHASE_STRIP = YES;
				GCC_PRECOMPILE_PREFIX_HEADER = YES;
				GCC_PREFIX_HEADER = "myOS/myOS-Prefix.pch";
				INFOPLIST_FILE = "myOS/myOS-Info.plist";
				PRODUCT_NAME = "$(TARGET_NAME)";
				VALIDATE_PRODUCT = YES;
				WRAPPER_EXTENSION = app;
			};
			name = Release;
		};
/* End XCBuildConfiguration section */

/* Begin XCConfigurationList section */
		84B45C731411E2AF0046332C /* Build configuration list for PBXProject "myOS" */ = {
			isa = XCConfigurationList;
			buildConfigurations = (
				84B45C921411E2B00046332C /* Debug */,
				84B45C931411E2B00046332C /* Release */,
			);
			defaultConfigurationIsVisible = 0;
			defaultConfigurationName = Release;
		};
		84B45C941411E2B00046332C /* Build configuration list for PBXNativeTarget "myOS" */ = {
			isa = XCConfigurationList;
			buildConfigurations = (
				84B45C951411E2B00046332C /* Debug */,
				84B45C961411E2B00046332C /* Release */,
			);
			defaultConfigurationIsVisible = 0;
		};
/* End XCConfigurationList section */
	};
	rootObject = 84B45C701411E2AF0046332C /* Project object */;
}
